{
    "name": "@learning-lerna/app-native",
    "version": "1.1.2",
    "lockfileVersion": 1,
    "requires": true,
    "dependencies": {
        "@learning-lerna/core": {
            "version": "2.1.1",
            "resolved": "http://localhost:4873/@learning-lerna%2fcore/-/core-2.1.1.tgz",
            "integrity": "sha512-hQBxFzlhQk5Qt/APiM+kXbPZ+y+yldsVxk9OaDZCOCZoe5S+f9UaOilhK+a6m0RGzIqbjeArxrlbmjldfE0MUQ==",
            "requires": {
                "lodash": "^4.17.15"
            }
        },
        "lodash": {
            "version": "4.17.15",
            "resolved": "http://localhost:4873/lodash/-/lodash-4.17.15.tgz",
            "integrity": "sha512-8xOcRHvCjnocdS5cpwXQXVzmmh5e5+saE2QGoeQmbKmRS6J3VQppPOIt0MnmE+4xlZoumy0GPG0D0MVIQbNA1A=="
        }
    }
}
