{
    "name": "@learning-lerna/native",
    "version": "1.0.0",
    "lockfileVersion": 1,
    "requires": true,
    "dependencies": {
        "@learning-lerna/core": {
            "version": "1.1.1",
            "resolved": "http://localhost:4873/@learning-lerna%2fcore/-/core-1.1.1.tgz",
            "integrity": "sha512-Q+ITgFymfhnvqdYfMvC7wYjbBmeLwWLlSf6oeWgamRWd0fXE1cGXjmiujM5w9pxNtYsQ9qiN5F2B9Gvuij1p+Q==",
            "requires": {
                "lodash": "^4.17.15"
            }
        },
        "lodash": {
            "version": "4.17.15",
            "resolved": "http://localhost:4873/lodash/-/lodash-4.17.15.tgz",
            "integrity": "sha512-8xOcRHvCjnocdS5cpwXQXVzmmh5e5+saE2QGoeQmbKmRS6J3VQppPOIt0MnmE+4xlZoumy0GPG0D0MVIQbNA1A=="
        }
    }
}
