# THIS IS AN AUTOGENERATED FILE. DO NOT EDIT THIS FILE DIRECTLY.
# yarn lockfile v1


"@materia/core-new@^1.0.6":
  version "1.0.6"
  resolved "https://pkgs.dev.azure.com/iqmetrix/_packaging/iqmetrix/npm/registry/@materia/core-new/-/core-new-1.0.6.tgz#4db5f5034fc200bbb4a9c9cb83267893f042944b"
  integrity sha1-TbX1A0/CALu0qcnLgyZ4k/BClEs=
  dependencies:
    axios "^0.18.0"
    date-fns "^1.30.1"
    lodash "^4.17.14"
    loglevel "^1.6.3"
    loglevel-plugin-prefix "^0.8.4"
    loglevel-plugin-remote "^0.6.8"

axios@^0.18.0:
  version "0.18.1"
  resolved "https://registry.yarnpkg.com/axios/-/axios-0.18.1.tgz#ff3f0de2e7b5d180e757ad98000f1081b87bcea3"
  integrity sha512-0BfJq4NSfQXd+SkFdrvFbG7addhYSBA2mQwISr46pD6E5iqkWg02RAs8vyTT/j0RTnoYmeXauBuSv1qKwR179g==
  dependencies:
    follow-redirects "1.5.10"
    is-buffer "^2.0.2"

date-fns@^1.30.1:
  version "1.30.1"
  resolved "https://registry.yarnpkg.com/date-fns/-/date-fns-1.30.1.tgz#2e71bf0b119153dbb4cc4e88d9ea5acfb50dc05c"
  integrity sha512-hBSVCvSmWC+QypYObzwGOd9wqdDpOt+0wl0KbU+R+uuZBS1jN8VsD1ss3irQDknRj5NvxiTF6oj/nDRnN/UQNw==

debug@=3.1.0:
  version "3.1.0"
  resolved "https://registry.yarnpkg.com/debug/-/debug-3.1.0.tgz#5bb5a0672628b64149566ba16819e61518c67261"
  integrity sha512-OX8XqP7/1a9cqkxYw2yXss15f26NKWBpDXQd0/uK/KPqdQhxbPa994hnzjcE2VqQpDslf55723cKPUOGSmMY3g==
  dependencies:
    ms "2.0.0"

follow-redirects@1.5.10:
  version "1.5.10"
  resolved "https://registry.yarnpkg.com/follow-redirects/-/follow-redirects-1.5.10.tgz#7b7a9f9aea2fdff36786a94ff643ed07f4ff5e2a"
  integrity sha512-0V5l4Cizzvqt5D44aTXbFZz+FtyXV1vrDN6qrelxtfYQKW0KO0W2T/hkE8xvGa/540LkZlkaUjO4ailYTFtHVQ==
  dependencies:
    debug "=3.1.0"

is-buffer@^2.0.2:
  version "2.0.4"
  resolved "https://registry.yarnpkg.com/is-buffer/-/is-buffer-2.0.4.tgz#3e572f23c8411a5cfd9557c849e3665e0b290623"
  integrity sha512-Kq1rokWXOPXWuaMAqZiJW4XxsmD9zGx9q4aePabbn3qCRGedtH7Cm+zV8WETitMfu1wdh+Rvd6w5egwSngUX2A==

lodash@^4.17.14:
  version "4.17.15"
  resolved "https://registry.yarnpkg.com/lodash/-/lodash-4.17.15.tgz#b447f6670a0455bbfeedd11392eff330ea097548"
  integrity sha512-8xOcRHvCjnocdS5cpwXQXVzmmh5e5+saE2QGoeQmbKmRS6J3VQppPOIt0MnmE+4xlZoumy0GPG0D0MVIQbNA1A==

loglevel-plugin-prefix@^0.8.4:
  version "0.8.4"
  resolved "https://registry.yarnpkg.com/loglevel-plugin-prefix/-/loglevel-plugin-prefix-0.8.4.tgz#2fe0e05f1a820317d98d8c123e634c1bd84ff644"
  integrity sha512-WpG9CcFAOjz/FtNht+QJeGpvVl/cdR6P0z6OcXSkr8wFJOsV2GRj2j10JLfjuA4aYkcKCNIEqRGCyTife9R8/g==

loglevel-plugin-remote@^0.6.8:
  version "0.6.8"
  resolved "https://registry.yarnpkg.com/loglevel-plugin-remote/-/loglevel-plugin-remote-0.6.8.tgz#9234b75520491dc5b1a34abbbba0101f02dd2b39"
  integrity sha512-EMhWUOAx4/Wtge1bNzYDvvXzv6PLt07emqTjA+Sc8WfViNSYXxe6kWYFyjcqGS6mqNeOqQ3+AG0xuasynHK0XA==

loglevel@^1.6.3:
  version "1.6.7"
  resolved "https://registry.yarnpkg.com/loglevel/-/loglevel-1.6.7.tgz#b3e034233188c68b889f5b862415306f565e2c56"
  integrity sha512-cY2eLFrQSAfVPhCgH1s7JI73tMbg9YC3v3+ZHVW67sBS7UxWzNEk/ZBbSfLykBWHp33dqqtOv82gjhKEi81T/A==

ms@2.0.0:
  version "2.0.0"
  resolved "https://registry.yarnpkg.com/ms/-/ms-2.0.0.tgz#5608aeadfc00be6c2901df5f9861788de0d597c8"
  integrity sha1-VgiurfwAvmwpAd9fmGF4jeDVl8g=
