{
    "name": "@learning-lerna/core",
    "version": "2.2.1",
    "lockfileVersion": 1,
    "requires": true,
    "dependencies": {
        "json": {
            "version": "9.0.6",
            "resolved": "http://localhost:4873/json/-/json-9.0.6.tgz",
            "integrity": "sha1-eXLCpaSKQmeNsnMMfCxO5uTiRYU=",
            "dev": true
        },
        "lodash": {
            "version": "4.17.15",
            "resolved": "http://localhost:4873/lodash/-/lodash-4.17.15.tgz",
            "integrity": "sha512-8xOcRHvCjnocdS5cpwXQXVzmmh5e5+saE2QGoeQmbKmRS6J3VQppPOIt0MnmE+4xlZoumy0GPG0D0MVIQbNA1A=="
        }
    }
}
